// !$*UTF8*$!
{
	archiveVersion = 1;
	classes = {
	};
	objectVersion = 77;
	objects = {

/* Begin PBXBuildFile section */
		13CA1FE45BCF4FDF8A2358F8 /* Pods_AudioMixer.framework in Frameworks */ = {isa = PBXBuildFile; fileRef = F1AB4BFE659EC8BD5B83BA6B /* Pods_AudioMixer.framework */; };
		2C71B3342E55C51C0031AB26 /* MixerViewModel.swift in Sources */ = {isa = PBXBuildFile; fileRef = 2C71B3332E55C5110031AB26 /* MixerViewModel.swift */; };
		2C8549262E54706600CABF5E /* RecordAudioViewModel.swift in Sources */ = {isa = PBXBuildFile; fileRef = 2C8549252E54706600CABF5E /* RecordAudioViewModel.swift */; };
		2C8D7BF42E54B4860046B8C4 /* avengers.mp3 in Resources */ = {isa = PBXBuildFile; fileRef = 2C8D7BF02E54B4860046B8C4 /* avengers.mp3 */; };
		2C8D7BF52E54B4860046B8C4 /* iloveu3000.mp3 in Resources */ = {isa = PBXBuildFile; fileRef = 2C8D7BF22E54B4860046B8C4 /* iloveu3000.mp3 */; };
		2C8D7BF62E54B4860046B8C4 /* aloha.mp3 in Resources */ = {isa = PBXBuildFile; fileRef = 2C8D7BEF2E54B4860046B8C4 /* aloha.mp3 */; };
		2C8D7BF72E54B4860046B8C4 /* demo.mp3 in Resources */ = {isa = PBXBuildFile; fileRef = 2C8D7BF12E54B4860046B8C4 /* demo.mp3 */; };
		2C8D7BF82E54B4860046B8C4 /* portals.mp3 in Resources */ = {isa = PBXBuildFile; fileRef = 2C8D7BF32E54B4860046B8C4 /* portals.mp3 */; };
		2C8D7BFA2E54B5B50046B8C4 /* AudioManager.swift in Sources */ = {isa = PBXBuildFile; fileRef = 2C8D7BF92E54B5B50046B8C4 /* AudioManager.swift */; };
		2C98B7D42E4DE8CE004312F3 /* Assets.xcassets in Resources */ = {isa = PBXBuildFile; fileRef = 2C98B7D02E4DE8CE004312F3 /* Assets.xcassets */; };
		2C98B7D52E4DE8CE004312F3 /* AudioMixerApp.swift in Sources */ = {isa = PBXBuildFile; fileRef = 2C98B7D12E4DE8CE004312F3 /* AudioMixerApp.swift */; };
		2CCE357C2E5582AF00D5748D /* RecordSelectionView.swift in Sources */ = {isa = PBXBuildFile; fileRef = 2CCE357B2E5582AF00D5748D /* RecordSelectionView.swift */; };
		2CCE357E2E55830200D5748D /* PlayMusicViewModel.swift in Sources */ = {isa = PBXBuildFile; fileRef = 2CCE357D2E55830200D5748D /* PlayMusicViewModel.swift */; };
		2CCE35892E55850400D5748D /* PlayMusicSelectionView.swift in Sources */ = {isa = PBXBuildFile; fileRef = 2CCE35872E55850400D5748D /* PlayMusicSelectionView.swift */; };
		2CFBDFA82E5315F50081A824 /* Root.swift in Sources */ = {isa = PBXBuildFile; fileRef = 2CFBDFA72E5315F50081A824 /* Root.swift */; };
		2CFBDFAB2E5316180081A824 /* Record.swift in Sources */ = {isa = PBXBuildFile; fileRef = 2CFBDFAA2E5316180081A824 /* Record.swift */; };
		2CFBDFAD2E53162A0081A824 /* PlayMusic.swift in Sources */ = {isa = PBXBuildFile; fileRef = 2CFBDFAC2E53162A0081A824 /* PlayMusic.swift */; };
		2CFBDFAF2E53162B0081A824 /* Mixer.swift in Sources */ = {isa = PBXBuildFile; fileRef = 2CFBDFAE2E53162B0081A824 /* Mixer.swift */; };
		2CFBDFB22E531C440081A824 /* RecordAudioView.swift in Sources */ = {isa = PBXBuildFile; fileRef = 2CFBDFB12E531C440081A824 /* RecordAudioView.swift */; };
		2CFBDFC32E5330910081A824 /* AudioCell.swift in Sources */ = {isa = PBXBuildFile; fileRef = 2CFBDFC22E5330910081A824 /* AudioCell.swift */; };
		2CFBDFC52E533C1E0081A824 /* PlayerView.swift in Sources */ = {isa = PBXBuildFile; fileRef = 2CFBDFC42E533C1E0081A824 /* PlayerView.swift */; };
		84F2EDFE2E56101F00384863 /* AddedAudio.swift in Sources */ = {isa = PBXBuildFile; fileRef = 84F2EDFD2E56101F00384863 /* AddedAudio.swift */; };
		84F2EE002E56119900384863 /* Recording.swift in Sources */ = {isa = PBXBuildFile; fileRef = 84F2EDFF2E56119900384863 /* Recording.swift */; };
/* End PBXBuildFile section */

/* Begin PBXFileReference section */
		1987AECC40824110576DC8A6 /* Pods-AudioMixer.debug.xcconfig */ = {isa = PBXFileReference; includeInIndex = 1; lastKnownFileType = text.xcconfig; name = "Pods-AudioMixer.debug.xcconfig"; path = "Target Support Files/Pods-AudioMixer/Pods-AudioMixer.debug.xcconfig"; sourceTree = "<group>"; };
		2C71B3332E55C5110031AB26 /* MixerViewModel.swift */ = {isa = PBXFileReference; lastKnownFileType = sourcecode.swift; path = MixerViewModel.swift; sourceTree = "<group>"; };
		2C8549252E54706600CABF5E /* RecordAudioViewModel.swift */ = {isa = PBXFileReference; lastKnownFileType = sourcecode.swift; path = RecordAudioViewModel.swift; sourceTree = "<group>"; };
		2C8D7BEF2E54B4860046B8C4 /* aloha.mp3 */ = {isa = PBXFileReference; lastKnownFileType = audio.mp3; path = aloha.mp3; sourceTree = "<group>"; };
		2C8D7BF02E54B4860046B8C4 /* avengers.mp3 */ = {isa = PBXFileReference; lastKnownFileType = audio.mp3; path = avengers.mp3; sourceTree = "<group>"; };
		2C8D7BF12E54B4860046B8C4 /* demo.mp3 */ = {isa = PBXFileReference; lastKnownFileType = audio.mp3; path = demo.mp3; sourceTree = "<group>"; };
		2C8D7BF22E54B4860046B8C4 /* iloveu3000.mp3 */ = {isa = PBXFileReference; lastKnownFileType = audio.mp3; path = iloveu3000.mp3; sourceTree = "<group>"; };
		2C8D7BF32E54B4860046B8C4 /* portals.mp3 */ = {isa = PBXFileReference; lastKnownFileType = audio.mp3; path = portals.mp3; sourceTree = "<group>"; };
		2C8D7BF92E54B5B50046B8C4 /* AudioManager.swift */ = {isa = PBXFileReference; lastKnownFileType = sourcecode.swift; path = AudioManager.swift; sourceTree = "<group>"; };
		2C98B7C22E4DE88C004312F3 /* AudioMixer.app */ = {isa = PBXFileReference; explicitFileType = wrapper.application; includeInIndex = 0; path = AudioMixer.app; sourceTree = BUILT_PRODUCTS_DIR; };
		2C98B7D02E4DE8CE004312F3 /* Assets.xcassets */ = {isa = PBXFileReference; lastKnownFileType = folder.assetcatalog; path = Assets.xcassets; sourceTree = "<group>"; };
		2C98B7D12E4DE8CE004312F3 /* AudioMixerApp.swift */ = {isa = PBXFileReference; lastKnownFileType = sourcecode.swift; path = AudioMixerApp.swift; sourceTree = "<group>"; };
		2CCE357B2E5582AF00D5748D /* RecordSelectionView.swift */ = {isa = PBXFileReference; lastKnownFileType = sourcecode.swift; path = RecordSelectionView.swift; sourceTree = "<group>"; };
		2CCE357D2E55830200D5748D /* PlayMusicViewModel.swift */ = {isa = PBXFileReference; lastKnownFileType = sourcecode.swift; path = PlayMusicViewModel.swift; sourceTree = "<group>"; };
		2CCE35872E55850400D5748D /* PlayMusicSelectionView.swift */ = {isa = PBXFileReference; lastKnownFileType = sourcecode.swift; path = PlayMusicSelectionView.swift; sourceTree = "<group>"; };
		2CFBDFA72E5315F50081A824 /* Root.swift */ = {isa = PBXFileReference; lastKnownFileType = sourcecode.swift; path = Root.swift; sourceTree = "<group>"; };
		2CFBDFAA2E5316180081A824 /* Record.swift */ = {isa = PBXFileReference; lastKnownFileType = sourcecode.swift; path = Record.swift; sourceTree = "<group>"; };
		2CFBDFAC2E53162A0081A824 /* PlayMusic.swift */ = {isa = PBXFileReference; lastKnownFileType = sourcecode.swift; path = PlayMusic.swift; sourceTree = "<group>"; };
		2CFBDFAE2E53162B0081A824 /* Mixer.swift */ = {isa = PBXFileReference; lastKnownFileType = sourcecode.swift; path = Mixer.swift; sourceTree = "<group>"; };
		2CFBDFB12E531C440081A824 /* RecordAudioView.swift */ = {isa = PBXFileReference; lastKnownFileType = sourcecode.swift; path = RecordAudioView.swift; sourceTree = "<group>"; };
		2CFBDFC22E5330910081A824 /* AudioCell.swift */ = {isa = PBXFileReference; lastKnownFileType = sourcecode.swift; path = AudioCell.swift; sourceTree = "<group>"; };
		2CFBDFC42E533C1E0081A824 /* PlayerView.swift */ = {isa = PBXFileReference; lastKnownFileType = sourcecode.swift; path = PlayerView.swift; sourceTree = "<group>"; };
		84F2EDFD2E56101F00384863 /* AddedAudio.swift */ = {isa = PBXFileReference; lastKnownFileType = sourcecode.swift; path = AddedAudio.swift; sourceTree = "<group>"; };
		84F2EDFF2E56119900384863 /* Recording.swift */ = {isa = PBXFileReference; lastKnownFileType = sourcecode.swift; path = Recording.swift; sourceTree = "<group>"; };
		BE4D25D3CC1D23B04E887CE9 /* Pods-AudioMixer.release.xcconfig */ = {isa = PBXFileReference; includeInIndex = 1; lastKnownFileType = text.xcconfig; name = "Pods-AudioMixer.release.xcconfig"; path = "Target Support Files/Pods-AudioMixer/Pods-AudioMixer.release.xcconfig"; sourceTree = "<group>"; };
		F1AB4BFE659EC8BD5B83BA6B /* Pods_AudioMixer.framework */ = {isa = PBXFileReference; explicitFileType = wrapper.framework; includeInIndex = 0; path = Pods_AudioMixer.framework; sourceTree = BUILT_PRODUCTS_DIR; };
/* End PBXFileReference section */

/* Begin PBXFrameworksBuildPhase section */
		2C98B7BF2E4DE88C004312F3 /* Frameworks */ = {
			isa = PBXFrameworksBuildPhase;
			buildActionMask = 2147483647;
			files = (
				13CA1FE45BCF4FDF8A2358F8 /* Pods_AudioMixer.framework in Frameworks */,
			);
			runOnlyForDeploymentPostprocessing = 0;
		};
/* End PBXFrameworksBuildPhase section */

/* Begin PBXGroup section */
		2C71B3322E55A87B0031AB26 /* Play */ = {
			isa = PBXGroup;
			children = (
				2CFBDFAC2E53162A0081A824 /* PlayMusic.swift */,
			);
			path = Play;
			sourceTree = "<group>";
		};
		2C98B7B92E4DE88C004312F3 = {
			isa = PBXGroup;
			children = (
				2C98B7D32E4DE8CE004312F3 /* AudioMixer */,
				2C98B7C32E4DE88C004312F3 /* Products */,
				5C6F9880D736D87A5F7DBE79 /* Pods */,
				BAAD616B67239691C6697CE9 /* Frameworks */,
			);
			sourceTree = "<group>";
		};
		2C98B7C32E4DE88C004312F3 /* Products */ = {
			isa = PBXGroup;
			children = (
				2C98B7C22E4DE88C004312F3 /* AudioMixer.app */,
			);
			name = Products;
			sourceTree = "<group>";
		};
		2C98B7D32E4DE8CE004312F3 /* AudioMixer */ = {
			isa = PBXGroup;
			children = (
				2C98B7D82E4DEB5F004312F3 /* App */,
				2C98B7DB2E4DEB72004312F3 /* Resources */,
				2C98B7D92E4DEB61004312F3 /* Model */,
				2C98B7DA2E4DEB62004312F3 /* View */,
				2CCE35882E55850400D5748D /* ViewModel */,
			);
			path = AudioMixer;
			sourceTree = "<group>";
		};
		2C98B7D82E4DEB5F004312F3 /* App */ = {
			isa = PBXGroup;
			children = (
				2C98B7D12E4DE8CE004312F3 /* AudioMixerApp.swift */,
			);
			path = App;
			sourceTree = "<group>";
		};
		2C98B7D92E4DEB61004312F3 /* Model */ = {
			isa = PBXGroup;
			children = (
				84F2EDFF2E56119900384863 /* Recording.swift */,
				84F2EDFD2E56101F00384863 /* AddedAudio.swift */,
				2C8D7BF92E54B5B50046B8C4 /* AudioManager.swift */,
			);
			path = Model;
			sourceTree = "<group>";
		};
		2C98B7DA2E4DEB62004312F3 /* View */ = {
			isa = PBXGroup;
			children = (
				2CFBDFC02E5330720081A824 /* Components */,
				2CFBDFA92E5315FF0081A824 /* Root */,
				2CFBDFA72E5315F50081A824 /* Root.swift */,
			);
			path = View;
			sourceTree = "<group>";
		};
		2C98B7DB2E4DEB72004312F3 /* Resources */ = {
			isa = PBXGroup;
			children = (
				2C8D7BEF2E54B4860046B8C4 /* aloha.mp3 */,
				2C8D7BF02E54B4860046B8C4 /* avengers.mp3 */,
				2C8D7BF12E54B4860046B8C4 /* demo.mp3 */,
				2C8D7BF22E54B4860046B8C4 /* iloveu3000.mp3 */,
				2C8D7BF32E54B4860046B8C4 /* portals.mp3 */,
				2C98B7D02E4DE8CE004312F3 /* Assets.xcassets */,
			);
			path = Resources;
			sourceTree = "<group>";
		};
		2CCE357A2E5582A400D5748D /* Mixer */ = {
			isa = PBXGroup;
			children = (
				2CCE357B2E5582AF00D5748D /* RecordSelectionView.swift */,
				2CCE35872E55850400D5748D /* PlayMusicSelectionView.swift */,
				2CFBDFAE2E53162B0081A824 /* Mixer.swift */,
			);
			path = Mixer;
			sourceTree = "<group>";
		};
		2CCE35882E55850400D5748D /* ViewModel */ = {
			isa = PBXGroup;
			children = (
				2C71B3332E55C5110031AB26 /* MixerViewModel.swift */,
				2CCE357D2E55830200D5748D /* PlayMusicViewModel.swift */,
				2C8549252E54706600CABF5E /* RecordAudioViewModel.swift */,
			);
			path = ViewModel;
			sourceTree = "<group>";
		};
		2CFBDFA92E5315FF0081A824 /* Root */ = {
			isa = PBXGroup;
			children = (
				2CCE357A2E5582A400D5748D /* Mixer */,
				2C71B3322E55A87B0031AB26 /* Play */,
				2CFBDFB02E531C340081A824 /* Record */,
			);
			path = Root;
			sourceTree = "<group>";
		};
		2CFBDFB02E531C340081A824 /* Record */ = {
			isa = PBXGroup;
			children = (
				2CFBDFB12E531C440081A824 /* RecordAudioView.swift */,
				2CFBDFAA2E5316180081A824 /* Record.swift */,
			);
			path = Record;
			sourceTree = "<group>";
		};
		2CFBDFC02E5330720081A824 /* Components */ = {
			isa = PBXGroup;
			children = (
				2CFBDFC62E533C230081A824 /* PlayerView */,
				2CFBDFC12E5330840081A824 /* AudioCell */,
			);
			path = Components;
			sourceTree = "<group>";
		};
		2CFBDFC12E5330840081A824 /* AudioCell */ = {
			isa = PBXGroup;
			children = (
				2CFBDFC22E5330910081A824 /* AudioCell.swift */,
			);
			path = AudioCell;
			sourceTree = "<group>";
		};
		2CFBDFC62E533C230081A824 /* PlayerView */ = {
			isa = PBXGroup;
			children = (
				2CFBDFC42E533C1E0081A824 /* PlayerView.swift */,
			);
			path = PlayerView;
			sourceTree = "<group>";
		};
		5C6F9880D736D87A5F7DBE79 /* Pods */ = {
			isa = PBXGroup;
			children = (
				1987AECC40824110576DC8A6 /* Pods-AudioMixer.debug.xcconfig */,
				BE4D25D3CC1D23B04E887CE9 /* Pods-AudioMixer.release.xcconfig */,
			);
			path = Pods;
			sourceTree = "<group>";
		};
		BAAD616B67239691C6697CE9 /* Frameworks */ = {
			isa = PBXGroup;
			children = (
				F1AB4BFE659EC8BD5B83BA6B /* Pods_AudioMixer.framework */,
			);
			name = Frameworks;
			sourceTree = "<group>";
		};
/* End PBXGroup section */

/* Begin PBXNativeTarget section */
		2C98B7C12E4DE88C004312F3 /* AudioMixer */ = {
			isa = PBXNativeTarget;
			buildConfigurationList = 2C98B7CD2E4DE88E004312F3 /* Build configuration list for PBXNativeTarget "AudioMixer" */;
			buildPhases = (
				8FBD0E4AC8A0B0C410FD1A1E /* [CP] Check Pods Manifest.lock */,
				2C98B7BE2E4DE88C004312F3 /* Sources */,
				2C98B7BF2E4DE88C004312F3 /* Frameworks */,
				2C98B7C02E4DE88C004312F3 /* Resources */,
				2C3F557BA3076B28CE6CAD03 /* [CP] Embed Pods Frameworks */,
			);
			buildRules = (
			);
			dependencies = (
			);
			name = AudioMixer;
			productName = AudioMixer;
			productReference = 2C98B7C22E4DE88C004312F3 /* AudioMixer.app */;
			productType = "com.apple.product-type.application";
		};
/* End PBXNativeTarget section */

/* Begin PBXProject section */
		2C98B7BA2E4DE88C004312F3 /* Project object */ = {
			isa = PBXProject;
			attributes = {
				BuildIndependentTargetsInParallel = YES;
				LastSwiftUpdateCheck = 2600;
				LastUpgradeCheck = 2600;
				TargetAttributes = {
					2C98B7C12E4DE88C004312F3 = {
						CreatedOnToolsVersion = 26.0;
					};
				};
			};
			buildConfigurationList = 2C98B7BD2E4DE88C004312F3 /* Build configuration list for PBXProject "AudioMixer" */;
			developmentRegion = en;
			hasScannedForEncodings = 0;
			knownRegions = (
				en,
				Base,
			);
			mainGroup = 2C98B7B92E4DE88C004312F3;
			minimizedProjectReferenceProxies = 1;
			preferredProjectObjectVersion = 77;
			productRefGroup = 2C98B7C32E4DE88C004312F3 /* Products */;
			projectDirPath = "";
			projectRoot = "";
			targets = (
				2C98B7C12E4DE88C004312F3 /* AudioMixer */,
			);
		};
/* End PBXProject section */

/* Begin PBXResourcesBuildPhase section */
		2C98B7C02E4DE88C004312F3 /* Resources */ = {
			isa = PBXResourcesBuildPhase;
			buildActionMask = 2147483647;
			files = (
				2C98B7D42E4DE8CE004312F3 /* Assets.xcassets in Resources */,
				2C8D7BF42E54B4860046B8C4 /* avengers.mp3 in Resources */,
				2C8D7BF52E54B4860046B8C4 /* iloveu3000.mp3 in Resources */,
				2C8D7BF62E54B4860046B8C4 /* aloha.mp3 in Resources */,
				2C8D7BF72E54B4860046B8C4 /* demo.mp3 in Resources */,
				2C8D7BF82E54B4860046B8C4 /* portals.mp3 in Resources */,
			);
			runOnlyForDeploymentPostprocessing = 0;
		};
/* End PBXResourcesBuildPhase section */

/* Begin PBXShellScriptBuildPhase section */
		2C3F557BA3076B28CE6CAD03 /* [CP] Embed Pods Frameworks */ = {
			isa = PBXShellScriptBuildPhase;
			buildActionMask = 2147483647;
			files = (
			);
			inputFileListPaths = (
				"${PODS_ROOT}/Target Support Files/Pods-AudioMixer/Pods-AudioMixer-frameworks-${CONFIGURATION}-input-files.xcfilelist",
			);
			inputPaths = (
			);
			name = "[CP] Embed Pods Frameworks";
			outputFileListPaths = (
				"${PODS_ROOT}/Target Support Files/Pods-AudioMixer/Pods-AudioMixer-frameworks-${CONFIGURATION}-output-files.xcfilelist",
			);
			outputPaths = (
			);
			runOnlyForDeploymentPostprocessing = 0;
			shellPath = /bin/sh;
			shellScript = "\"${PODS_ROOT}/Target Support Files/Pods-AudioMixer/Pods-AudioMixer-frameworks.sh\"\n";
			showEnvVarsInLog = 0;
		};
		8FBD0E4AC8A0B0C410FD1A1E /* [CP] Check Pods Manifest.lock */ = {
			isa = PBXShellScriptBuildPhase;
			buildActionMask = 2147483647;
			files = (
			);
			inputFileListPaths = (
			);
			inputPaths = (
				"${PODS_PODFILE_DIR_PATH}/Podfile.lock",
				"${PODS_ROOT}/Manifest.lock",
			);
			name = "[CP] Check Pods Manifest.lock";
			outputFileListPaths = (
			);
			outputPaths = (
				"$(DERIVED_FILE_DIR)/Pods-AudioMixer-checkManifestLockResult.txt",
			);
			runOnlyForDeploymentPostprocessing = 0;
			shellPath = /bin/sh;
			shellScript = "diff \"${PODS_PODFILE_DIR_PATH}/Podfile.lock\" \"${PODS_ROOT}/Manifest.lock\" > /dev/null\nif [ $? != 0 ] ; then\n    # print error to STDERR\n    echo \"error: The sandbox is not in sync with the Podfile.lock. Run 'pod install' or update your CocoaPods installation.\" >&2\n    exit 1\nfi\n# This output is used by Xcode 'outputs' to avoid re-running this script phase.\necho \"SUCCESS\" > \"${SCRIPT_OUTPUT_FILE_0}\"\n";
			showEnvVarsInLog = 0;
		};
/* End PBXShellScriptBuildPhase section */

/* Begin PBXSourcesBuildPhase section */
		2C98B7BE2E4DE88C004312F3 /* Sources */ = {
			isa = PBXSourcesBuildPhase;
			buildActionMask = 2147483647;
			files = (
				2CFBDFAD2E53162A0081A824 /* PlayMusic.swift in Sources */,
				2CFBDFB22E531C440081A824 /* RecordAudioView.swift in Sources */,
				2CFBDFC32E5330910081A824 /* AudioCell.swift in Sources */,
				2CFBDFC52E533C1E0081A824 /* PlayerView.swift in Sources */,
				2CFBDFAF2E53162B0081A824 /* Mixer.swift in Sources */,
				2C98B7D52E4DE8CE004312F3 /* AudioMixerApp.swift in Sources */,
				2CCE35892E55850400D5748D /* PlayMusicSelectionView.swift in Sources */,
				84F2EE002E56119900384863 /* Recording.swift in Sources */,
				2CFBDFAB2E5316180081A824 /* Record.swift in Sources */,
				2C8549262E54706600CABF5E /* RecordAudioViewModel.swift in Sources */,
				2CCE357E2E55830200D5748D /* PlayMusicViewModel.swift in Sources */,
				2C71B3342E55C51C0031AB26 /* MixerViewModel.swift in Sources */,
				84F2EDFE2E56101F00384863 /* AddedAudio.swift in Sources */,
				2CCE357C2E5582AF00D5748D /* RecordSelectionView.swift in Sources */,
				2CFBDFA82E5315F50081A824 /* Root.swift in Sources */,
				2C8D7BFA2E54B5B50046B8C4 /* AudioManager.swift in Sources */,
			);
			runOnlyForDeploymentPostprocessing = 0;
		};
/* End PBXSourcesBuildPhase section */

/* Begin XCBuildConfiguration section */
		2C98B7CB2E4DE88E004312F3 /* Debug */ = {
			isa = XCBuildConfiguration;
			buildSettings = {
				ALWAYS_SEARCH_USER_PATHS = NO;
				ASSETCATALOG_COMPILER_GENERATE_SWIFT_ASSET_SYMBOL_EXTENSIONS = YES;
				CLANG_ANALYZER_NONNULL = YES;
				CLANG_ANALYZER_NUMBER_OBJECT_CONVERSION = YES_AGGRESSIVE;
				CLANG_CXX_LANGUAGE_STANDARD = "gnu++20";
				CLANG_ENABLE_MODULES = YES;
				CLANG_ENABLE_OBJC_ARC = YES;
				CLANG_ENABLE_OBJC_WEAK = YES;
				CLANG_WARN_BLOCK_CAPTURE_AUTORELEASING = YES;
				CLANG_WARN_BOOL_CONVERSION = YES;
				CLANG_WARN_COMMA = YES;
				CLANG_WARN_CONSTANT_CONVERSION = YES;
				CLANG_WARN_DEPRECATED_OBJC_IMPLEMENTATIONS = YES;
				CLANG_WARN_DIRECT_OBJC_ISA_USAGE = YES_ERROR;
				CLANG_WARN_DOCUMENTATION_COMMENTS = YES;
				CLANG_WARN_EMPTY_BODY = YES;
				CLANG_WARN_ENUM_CONVERSION = YES;
				CLANG_WARN_INFINITE_RECURSION = YES;
				CLANG_WARN_INT_CONVERSION = YES;
				CLANG_WARN_NON_LITERAL_NULL_CONVERSION = YES;
				CLANG_WARN_OBJC_IMPLICIT_RETAIN_SELF = YES;
				CLANG_WARN_OBJC_LITERAL_CONVERSION = YES;
				CLANG_WARN_OBJC_ROOT_CLASS = YES_ERROR;
				CLANG_WARN_QUOTED_INCLUDE_IN_FRAMEWORK_HEADER = YES;
				CLANG_WARN_RANGE_LOOP_ANALYSIS = YES;
				CLANG_WARN_STRICT_PROTOTYPES = YES;
				CLANG_WARN_SUSPICIOUS_MOVE = YES;
				CLANG_WARN_UNGUARDED_AVAILABILITY = YES_AGGRESSIVE;
				CLANG_WARN_UNREACHABLE_CODE = YES;
				CLANG_WARN__DUPLICATE_METHOD_MATCH = YES;
				COPY_PHASE_STRIP = NO;
				DEBUG_INFORMATION_FORMAT = dwarf;
				DEVELOPMENT_TEAM = WT5PJGD97N;
				ENABLE_STRICT_OBJC_MSGSEND = YES;
				ENABLE_TESTABILITY = YES;
				ENABLE_USER_SCRIPT_SANDBOXING = NO;
				GCC_C_LANGUAGE_STANDARD = gnu17;
				GCC_DYNAMIC_NO_PIC = NO;
				GCC_NO_COMMON_BLOCKS = YES;
				GCC_OPTIMIZATION_LEVEL = 0;
				GCC_PREPROCESSOR_DEFINITIONS = (
					"DEBUG=1",
					"$(inherited)",
				);
				GCC_WARN_64_TO_32_BIT_CONVERSION = YES;
				GCC_WARN_ABOUT_RETURN_TYPE = YES_ERROR;
				GCC_WARN_UNDECLARED_SELECTOR = YES;
				GCC_WARN_UNINITIALIZED_AUTOS = YES_AGGRESSIVE;
				GCC_WARN_UNUSED_FUNCTION = YES;
				GCC_WARN_UNUSED_VARIABLE = YES;
				IPHONEOS_DEPLOYMENT_TARGET = 26.0;
				LOCALIZATION_PREFERS_STRING_CATALOGS = YES;
				MTL_ENABLE_DEBUG_INFO = INCLUDE_SOURCE;
				MTL_FAST_MATH = YES;
				ONLY_ACTIVE_ARCH = YES;
				SDKROOT = iphoneos;
				STRING_CATALOG_GENERATE_SYMBOLS = YES;
				SWIFT_ACTIVE_COMPILATION_CONDITIONS = "DEBUG $(inherited)";
				SWIFT_OPTIMIZATION_LEVEL = "-Onone";
			};
			name = Debug;
		};
		2C98B7CC2E4DE88E004312F3 /* Release */ = {
			isa = XCBuildConfiguration;
			buildSettings = {
				ALWAYS_SEARCH_USER_PATHS = NO;
				ASSETCATALOG_COMPILER_GENERATE_SWIFT_ASSET_SYMBOL_EXTENSIONS = YES;
				CLANG_ANALYZER_NONNULL = YES;
				CLANG_ANALYZER_NUMBER_OBJECT_CONVERSION = YES_AGGRESSIVE;
				CLANG_CXX_LANGUAGE_STANDARD = "gnu++20";
				CLANG_ENABLE_MODULES = YES;
				CLANG_ENABLE_OBJC_ARC = YES;
				CLANG_ENABLE_OBJC_WEAK = YES;
				CLANG_WARN_BLOCK_CAPTURE_AUTORELEASING = YES;
				CLANG_WARN_BOOL_CONVERSION = YES;
				CLANG_WARN_COMMA = YES;
				CLANG_WARN_CONSTANT_CONVERSION = YES;
				CLANG_WARN_DEPRECATED_OBJC_IMPLEMENTATIONS = YES;
				CLANG_WARN_DIRECT_OBJC_ISA_USAGE = YES_ERROR;
				CLANG_WARN_DOCUMENTATION_COMMENTS = YES;
				CLANG_WARN_EMPTY_BODY = YES;
				CLANG_WARN_ENUM_CONVERSION = YES;
				CLANG_WARN_INFINITE_RECURSION = YES;
				CLANG_WARN_INT_CONVERSION = YES;
				CLANG_WARN_NON_LITERAL_NULL_CONVERSION = YES;
				CLANG_WARN_OBJC_IMPLICIT_RETAIN_SELF = YES;
				CLANG_WARN_OBJC_LITERAL_CONVERSION = YES;
				CLANG_WARN_OBJC_ROOT_CLASS = YES_ERROR;
				CLANG_WARN_QUOTED_INCLUDE_IN_FRAMEWORK_HEADER = YES;
				CLANG_WARN_RANGE_LOOP_ANALYSIS = YES;
				CLANG_WARN_STRICT_PROTOTYPES = YES;
				CLANG_WARN_SUSPICIOUS_MOVE = YES;
				CLANG_WARN_UNGUARDED_AVAILABILITY = YES_AGGRESSIVE;
				CLANG_WARN_UNREACHABLE_CODE = YES;
				CLANG_WARN__DUPLICATE_METHOD_MATCH = YES;
				COPY_PHASE_STRIP = NO;
				DEBUG_INFORMATION_FORMAT = "dwarf-with-dsym";
				DEVELOPMENT_TEAM = WT5PJGD97N;
				ENABLE_NS_ASSERTIONS = NO;
				ENABLE_STRICT_OBJC_MSGSEND = YES;
				ENABLE_USER_SCRIPT_SANDBOXING = NO;
				GCC_C_LANGUAGE_STANDARD = gnu17;
				GCC_NO_COMMON_BLOCKS = YES;
				GCC_WARN_64_TO_32_BIT_CONVERSION = YES;
				GCC_WARN_ABOUT_RETURN_TYPE = YES_ERROR;
				GCC_WARN_UNDECLARED_SELECTOR = YES;
				GCC_WARN_UNINITIALIZED_AUTOS = YES_AGGRESSIVE;
				GCC_WARN_UNUSED_FUNCTION = YES;
				GCC_WARN_UNUSED_VARIABLE = YES;
				IPHONEOS_DEPLOYMENT_TARGET = 26.0;
				LOCALIZATION_PREFERS_STRING_CATALOGS = YES;
				MTL_ENABLE_DEBUG_INFO = NO;
				MTL_FAST_MATH = YES;
				SDKROOT = iphoneos;
				STRING_CATALOG_GENERATE_SYMBOLS = YES;
				SWIFT_COMPILATION_MODE = wholemodule;
				VALIDATE_PRODUCT = YES;
			};
			name = Release;
		};
		2C98B7CE2E4DE88E004312F3 /* Debug */ = {
			isa = XCBuildConfiguration;
			baseConfigurationReference = 1987AECC40824110576DC8A6 /* Pods-AudioMixer.debug.xcconfig */;
			buildSettings = {
				ASSETCATALOG_COMPILER_APPICON_NAME = AppIcon;
				ASSETCATALOG_COMPILER_GLOBAL_ACCENT_COLOR_NAME = AccentColor;
				CODE_SIGN_STYLE = Automatic;
				CURRENT_PROJECT_VERSION = 1;
				DEVELOPMENT_TEAM = 8Y97Y4PU62;
				ENABLE_PREVIEWS = YES;
				GENERATE_INFOPLIST_FILE = YES;
				INFOPLIST_KEY_CFBundleDisplayName = "Audio Mixer";
				INFOPLIST_KEY_NSMicrophoneUsageDescription = "Ứng dụng cần cấp quyền micro";
				INFOPLIST_KEY_UIApplicationSceneManifest_Generation = YES;
				INFOPLIST_KEY_UIApplicationSupportsIndirectInputEvents = YES;
				INFOPLIST_KEY_UILaunchScreen_Generation = YES;
				INFOPLIST_KEY_UISupportedInterfaceOrientations_iPad = "UIInterfaceOrientationPortrait UIInterfaceOrientationPortraitUpsideDown UIInterfaceOrientationLandscapeLeft UIInterfaceOrientationLandscapeRight";
				INFOPLIST_KEY_UISupportedInterfaceOrientations_iPhone = "UIInterfaceOrientationPortrait UIInterfaceOrientationLandscapeLeft UIInterfaceOrientationLandscapeRight";
				IPHONEOS_DEPLOYMENT_TARGET = 16.6;
				LD_RUNPATH_SEARCH_PATHS = (
					"$(inherited)",
					"@executable_path/Frameworks",
				);
				MARKETING_VERSION = 1.0;
				PRODUCT_BUNDLE_IDENTIFIER = com.ngoccha.AudioMixer;
				PRODUCT_NAME = "$(TARGET_NAME)";
				STRING_CATALOG_GENERATE_SYMBOLS = YES;
				SWIFT_APPROACHABLE_CONCURRENCY = YES;
				SWIFT_DEFAULT_ACTOR_ISOLATION = MainActor;
				SWIFT_EMIT_LOC_STRINGS = YES;
				SWIFT_UPCOMING_FEATURE_MEMBER_IMPORT_VISIBILITY = YES;
				SWIFT_VERSION = 5.0;
				TARGETED_DEVICE_FAMILY = "1,2";
			};
			name = Debug;
		};
		2C98B7CF2E4DE88E004312F3 /* Release */ = {
			isa = XCBuildConfiguration;
			baseConfigurationReference = BE4D25D3CC1D23B04E887CE9 /* Pods-AudioMixer.release.xcconfig */;
			buildSettings = {
				ASSETCATALOG_COMPILER_APPICON_NAME = AppIcon;
				ASSETCATALOG_COMPILER_GLOBAL_ACCENT_COLOR_NAME = AccentColor;
				CODE_SIGN_STYLE = Automatic;
				CURRENT_PROJECT_VERSION = 1;
				DEVELOPMENT_TEAM = 8Y97Y4PU62;
				ENABLE_PREVIEWS = YES;
				GENERATE_INFOPLIST_FILE = YES;
				INFOPLIST_KEY_CFBundleDisplayName = "Audio Mixer";
				INFOPLIST_KEY_NSMicrophoneUsageDescription = "Ứng dụng cần cấp quyền micro";
				INFOPLIST_KEY_UIApplicationSceneManifest_Generation = YES;
				INFOPLIST_KEY_UIApplicationSupportsIndirectInputEvents = YES;
				INFOPLIST_KEY_UILaunchScreen_Generation = YES;
				INFOPLIST_KEY_UISupportedInterfaceOrientations_iPad = "UIInterfaceOrientationPortrait UIInterfaceOrientationPortraitUpsideDown UIInterfaceOrientationLandscapeLeft UIInterfaceOrientationLandscapeRight";
				INFOPLIST_KEY_UISupportedInterfaceOrientations_iPhone = "UIInterfaceOrientationPortrait UIInterfaceOrientationLandscapeLeft UIInterfaceOrientationLandscapeRight";
				IPHONEOS_DEPLOYMENT_TARGET = 16.6;
				LD_RUNPATH_SEARCH_PATHS = (
					"$(inherited)",
					"@executable_path/Frameworks",
				);
				MARKETING_VERSION = 1.0;
				PRODUCT_BUNDLE_IDENTIFIER = com.ngoccha.AudioMixer;
				PRODUCT_NAME = "$(TARGET_NAME)";
				STRING_CATALOG_GENERATE_SYMBOLS = YES;
				SWIFT_APPROACHABLE_CONCURRENCY = YES;
				SWIFT_DEFAULT_ACTOR_ISOLATION = MainActor;
				SWIFT_EMIT_LOC_STRINGS = YES;
				SWIFT_UPCOMING_FEATURE_MEMBER_IMPORT_VISIBILITY = YES;
				SWIFT_VERSION = 5.0;
				TARGETED_DEVICE_FAMILY = "1,2";
			};
			name = Release;
		};
/* End XCBuildConfiguration section */

/* Begin XCConfigurationList section */
		2C98B7BD2E4DE88C004312F3 /* Build configuration list for PBXProject "AudioMixer" */ = {
			isa = XCConfigurationList;
			buildConfigurations = (
				2C98B7CB2E4DE88E004312F3 /* Debug */,
				2C98B7CC2E4DE88E004312F3 /* Release */,
			);
			defaultConfigurationIsVisible = 0;
			defaultConfigurationName = Release;
		};
		2C98B7CD2E4DE88E004312F3 /* Build configuration list for PBXNativeTarget "AudioMixer" */ = {
			isa = XCConfigurationList;
			buildConfigurations = (
				2C98B7CE2E4DE88E004312F3 /* Debug */,
				2C98B7CF2E4DE88E004312F3 /* Release */,
			);
			defaultConfigurationIsVisible = 0;
			defaultConfigurationName = Release;
		};
/* End XCConfigurationList section */
	};
	rootObject = 2C98B7BA2E4DE88C004312F3 /* Project object */;
}
